
Microsoft Visual Studio Solution File, Format Version 12.00
# Visual Studio Version 17
VisualStudioVersion = 17.13.35825.156 d17.13
MinimumVisualStudioVersion = 10.0.40219.1
Project("{8BC9CEB8-8B4A-11D0-8D11-00A0C91BC942}") = "lab2", "lab2\lab2.vcxproj", "{D0423808-C052-41D0-B72C-389C5908F3C6}"
EndProject
Global
	GlobalSection(SolutionConfigurationPlatforms) = preSolution
		Debug|x64 = Debug|x64
		Debug|x86 = Debug|x86
		Release|x64 = Release|x64
		Release|x86 = Release|x86
	EndGlobalSection
	GlobalSection(ProjectConfigurationPlatforms) = postSolution
		{D0423808-C052-41D0-B72C-389C5908F3C6}.Debug|x64.ActiveCfg = Debug|x64
		{D0423808-C052-41D0-B72C-389C5908F3C6}.Debug|x64.Build.0 = Debug|x64
		{D0423808-C052-41D0-B72C-389C5908F3C6}.Debug|x86.ActiveCfg = Debug|Win32
		{D0423808-C052-41D0-B72C-389C5908F3C6}.Debug|x86.Build.0 = Debug|Win32
		{D0423808-C052-41D0-B72C-389C5908F3C6}.Release|x64.ActiveCfg = Release|x64
		{D0423808-C052-41D0-B72C-389C5908F3C6}.Release|x64.Build.0 = Release|x64
		{D0423808-C052-41D0-B72C-389C5908F3C6}.Release|x86.ActiveCfg = Release|Win32
		{D0423808-C052-41D0-B72C-389C5908F3C6}.Release|x86.Build.0 = Release|Win32
	EndGlobalSection
	GlobalSection(SolutionProperties) = preSolution
		HideSolutionNode = FALSE
	EndGlobalSection
	GlobalSection(ExtensibilityGlobals) = postSolution
		SolutionGuid = {1C54CE85-D0DA-4EFF-8B80-A510AE3B4B23}
	EndGlobalSection
EndGlobal
